
Microsoft Visual Studio Solution File, Format Version 12.00
# Visual Studio Version 17
VisualStudioVersion = 17.3.32901.215
MinimumVisualStudioVersion = 10.0.40219.1
Project("{9A19103F-16F7-4668-BE54-9A1E7A4F7556}") = "02", "02\02.csproj", "{018089EC-E4F9-4BC4-91AD-AA3A9DBCF810}"
	ProjectSection(ProjectDependencies) = postProject
		{DA0A7BBB-825A-452F-91D5-435068486326} = {DA0A7BBB-825A-452F-91D5-435068486326}
	EndProjectSection
EndProject
Project("{9A19103F-16F7-4668-BE54-9A1E7A4F7556}") = "03", "03\03.csproj", "{FB64B5D4-3684-44E2-B699-261DEEB88656}"
	ProjectSection(ProjectDependencies) = postProject
		{DA0A7BBB-825A-452F-91D5-435068486326} = {DA0A7BBB-825A-452F-91D5-435068486326}
	EndProjectSection
EndProject
Project("{FAE04EC0-301F-11D3-BF4B-00C04F79EFBC}") = "01", "01\01.csproj", "{340DC19A-2FE0-4DFE-843A-55081C57F5F7}"
	ProjectSection(ProjectDependencies) = postProject
		{DA0A7BBB-825A-452F-91D5-435068486326} = {DA0A7BBB-825A-452F-91D5-435068486326}
	EndProjectSection
EndProject
Project("{FAE04EC0-301F-11D3-BF4B-00C04F79EFBC}") = "Shared Classes", "Shared Classes\Shared Classes.csproj", "{DA0A7BBB-825A-452F-91D5-435068486326}"
EndProject
Global
	GlobalSection(SolutionConfigurationPlatforms) = preSolution
		Debug|Any CPU = Debug|Any CPU
		Release|Any CPU = Release|Any CPU
	EndGlobalSection
	GlobalSection(ProjectConfigurationPlatforms) = postSolution
		{018089EC-E4F9-4BC4-91AD-AA3A9DBCF810}.Debug|Any CPU.ActiveCfg = Debug|Any CPU
		{018089EC-E4F9-4BC4-91AD-AA3A9DBCF810}.Debug|Any CPU.Build.0 = Debug|Any CPU
		{018089EC-E4F9-4BC4-91AD-AA3A9DBCF810}.Release|Any CPU.ActiveCfg = Release|Any CPU
		{018089EC-E4F9-4BC4-91AD-AA3A9DBCF810}.Release|Any CPU.Build.0 = Release|Any CPU
		{FB64B5D4-3684-44E2-B699-261DEEB88656}.Debug|Any CPU.ActiveCfg = Debug|Any CPU
		{FB64B5D4-3684-44E2-B699-261DEEB88656}.Debug|Any CPU.Build.0 = Debug|Any CPU
		{FB64B5D4-3684-44E2-B699-261DEEB88656}.Release|Any CPU.ActiveCfg = Release|Any CPU
		{FB64B5D4-3684-44E2-B699-261DEEB88656}.Release|Any CPU.Build.0 = Release|Any CPU
		{340DC19A-2FE0-4DFE-843A-55081C57F5F7}.Debug|Any CPU.ActiveCfg = Debug|Any CPU
		{340DC19A-2FE0-4DFE-843A-55081C57F5F7}.Debug|Any CPU.Build.0 = Debug|Any CPU
		{340DC19A-2FE0-4DFE-843A-55081C57F5F7}.Release|Any CPU.ActiveCfg = Release|Any CPU
		{340DC19A-2FE0-4DFE-843A-55081C57F5F7}.Release|Any CPU.Build.0 = Release|Any CPU
		{DA0A7BBB-825A-452F-91D5-435068486326}.Debug|Any CPU.ActiveCfg = Debug|Any CPU
		{DA0A7BBB-825A-452F-91D5-435068486326}.Debug|Any CPU.Build.0 = Debug|Any CPU
		{DA0A7BBB-825A-452F-91D5-435068486326}.Release|Any CPU.ActiveCfg = Release|Any CPU
		{DA0A7BBB-825A-452F-91D5-435068486326}.Release|Any CPU.Build.0 = Release|Any CPU
	EndGlobalSection
	GlobalSection(SolutionProperties) = preSolution
		HideSolutionNode = FALSE
	EndGlobalSection
	GlobalSection(ExtensibilityGlobals) = postSolution
		SolutionGuid = {E151BFDC-AFC6-4951-AB03-C626EAC56B91}
	EndGlobalSection
EndGlobal
